
Microsoft Visual Studio Solution File, Format Version 12.00
# Visual Studio Version 17
VisualStudioVersion = 17.9.34622.214
MinimumVisualStudioVersion = 10.0.40219.1
Project("{FAE04EC0-301F-11D3-BF4B-00C04F79EFBC}") = "App3.Android", "App3\App3.Android\App3.Android.csproj", "{E61637D6-C91E-49FA-ADBA-455C8D6B166D}"
EndProject
Project("{FAE04EC0-301F-11D3-BF4B-00C04F79EFBC}") = "App3.iOS", "App3\App3.iOS\App3.iOS.csproj", "{8D7A6622-5C63-44A9-99E2-6B7BEAD3F475}"
EndProject
Project("{FAE04EC0-301F-11D3-BF4B-00C04F79EFBC}") = "App3", "App3\App3\App3.csproj", "{17627C70-B211-4450-BE97-0BF47661BE6A}"
EndProject
Global
	GlobalSection(SolutionConfigurationPlatforms) = preSolution
		Debug|Any CPU = Debug|Any CPU
		Debug|iPhone = Debug|iPhone
		Debug|iPhoneSimulator = Debug|iPhoneSimulator
		Release|Any CPU = Release|Any CPU
		Release|iPhone = Release|iPhone
		Release|iPhoneSimulator = Release|iPhoneSimulator
	EndGlobalSection
	GlobalSection(ProjectConfigurationPlatforms) = postSolution
		{E61637D6-C91E-49FA-ADBA-455C8D6B166D}.Debug|Any CPU.ActiveCfg = Debug|Any CPU
		{E61637D6-C91E-49FA-ADBA-455C8D6B166D}.Debug|Any CPU.Build.0 = Debug|Any CPU
		{E61637D6-C91E-49FA-ADBA-455C8D6B166D}.Debug|Any CPU.Deploy.0 = Debug|Any CPU
		{E61637D6-C91E-49FA-ADBA-455C8D6B166D}.Debug|iPhone.ActiveCfg = Debug|Any CPU
		{E61637D6-C91E-49FA-ADBA-455C8D6B166D}.Debug|iPhone.Build.0 = Debug|Any CPU
		{E61637D6-C91E-49FA-ADBA-455C8D6B166D}.Debug|iPhone.Deploy.0 = Debug|Any CPU
		{E61637D6-C91E-49FA-ADBA-455C8D6B166D}.Debug|iPhoneSimulator.ActiveCfg = Debug|Any CPU
		{E61637D6-C91E-49FA-ADBA-455C8D6B166D}.Debug|iPhoneSimulator.Build.0 = Debug|Any CPU
		{E61637D6-C91E-49FA-ADBA-455C8D6B166D}.Debug|iPhoneSimulator.Deploy.0 = Debug|Any CPU
		{E61637D6-C91E-49FA-ADBA-455C8D6B166D}.Release|Any CPU.ActiveCfg = Release|Any CPU
		{E61637D6-C91E-49FA-ADBA-455C8D6B166D}.Release|Any CPU.Build.0 = Release|Any CPU
		{E61637D6-C91E-49FA-ADBA-455C8D6B166D}.Release|Any CPU.Deploy.0 = Release|Any CPU
		{E61637D6-C91E-49FA-ADBA-455C8D6B166D}.Release|iPhone.ActiveCfg = Release|Any CPU
		{E61637D6-C91E-49FA-ADBA-455C8D6B166D}.Release|iPhone.Build.0 = Release|Any CPU
		{E61637D6-C91E-49FA-ADBA-455C8D6B166D}.Release|iPhone.Deploy.0 = Release|Any CPU
		{E61637D6-C91E-49FA-ADBA-455C8D6B166D}.Release|iPhoneSimulator.ActiveCfg = Release|Any CPU
		{E61637D6-C91E-49FA-ADBA-455C8D6B166D}.Release|iPhoneSimulator.Build.0 = Release|Any CPU
		{E61637D6-C91E-49FA-ADBA-455C8D6B166D}.Release|iPhoneSimulator.Deploy.0 = Release|Any CPU
		{8D7A6622-5C63-44A9-99E2-6B7BEAD3F475}.Debug|Any CPU.ActiveCfg = Debug|iPhone
		{8D7A6622-5C63-44A9-99E2-6B7BEAD3F475}.Debug|Any CPU.Build.0 = Debug|iPhone
		{8D7A6622-5C63-44A9-99E2-6B7BEAD3F475}.Debug|Any CPU.Deploy.0 = Debug|iPhone
		{8D7A6622-5C63-44A9-99E2-6B7BEAD3F475}.Debug|iPhone.ActiveCfg = Debug|iPhone
		{8D7A6622-5C63-44A9-99E2-6B7BEAD3F475}.Debug|iPhone.Build.0 = Debug|iPhone
		{8D7A6622-5C63-44A9-99E2-6B7BEAD3F475}.Debug|iPhone.Deploy.0 = Debug|iPhone
		{8D7A6622-5C63-44A9-99E2-6B7BEAD3F475}.Debug|iPhoneSimulator.ActiveCfg = Debug|iPhoneSimulator
		{8D7A6622-5C63-44A9-99E2-6B7BEAD3F475}.Debug|iPhoneSimulator.Build.0 = Debug|iPhoneSimulator
		{8D7A6622-5C63-44A9-99E2-6B7BEAD3F475}.Debug|iPhoneSimulator.Deploy.0 = Debug|iPhoneSimulator
		{8D7A6622-5C63-44A9-99E2-6B7BEAD3F475}.Release|Any CPU.ActiveCfg = Release|iPhoneSimulator
		{8D7A6622-5C63-44A9-99E2-6B7BEAD3F475}.Release|Any CPU.Build.0 = Release|iPhoneSimulator
		{8D7A6622-5C63-44A9-99E2-6B7BEAD3F475}.Release|Any CPU.Deploy.0 = Release|iPhoneSimulator
		{8D7A6622-5C63-44A9-99E2-6B7BEAD3F475}.Release|iPhone.ActiveCfg = Release|iPhone
		{8D7A6622-5C63-44A9-99E2-6B7BEAD3F475}.Release|iPhone.Build.0 = Release|iPhone
		{8D7A6622-5C63-44A9-99E2-6B7BEAD3F475}.Release|iPhone.Deploy.0 = Release|iPhone
		{8D7A6622-5C63-44A9-99E2-6B7BEAD3F475}.Release|iPhoneSimulator.ActiveCfg = Release|iPhoneSimulator
		{8D7A6622-5C63-44A9-99E2-6B7BEAD3F475}.Release|iPhoneSimulator.Build.0 = Release|iPhoneSimulator
		{8D7A6622-5C63-44A9-99E2-6B7BEAD3F475}.Release|iPhoneSimulator.Deploy.0 = Release|iPhoneSimulator
		{17627C70-B211-4450-BE97-0BF47661BE6A}.Debug|Any CPU.ActiveCfg = Debug|Any CPU
		{17627C70-B211-4450-BE97-0BF47661BE6A}.Debug|Any CPU.Build.0 = Debug|Any CPU
		{17627C70-B211-4450-BE97-0BF47661BE6A}.Debug|Any CPU.Deploy.0 = Debug|Any CPU
		{17627C70-B211-4450-BE97-0BF47661BE6A}.Debug|iPhone.ActiveCfg = Debug|Any CPU
		{17627C70-B211-4450-BE97-0BF47661BE6A}.Debug|iPhone.Build.0 = Debug|Any CPU
		{17627C70-B211-4450-BE97-0BF47661BE6A}.Debug|iPhone.Deploy.0 = Debug|Any CPU
		{17627C70-B211-4450-BE97-0BF47661BE6A}.Debug|iPhoneSimulator.ActiveCfg = Debug|Any CPU
		{17627C70-B211-4450-BE97-0BF47661BE6A}.Debug|iPhoneSimulator.Build.0 = Debug|Any CPU
		{17627C70-B211-4450-BE97-0BF47661BE6A}.Debug|iPhoneSimulator.Deploy.0 = Debug|Any CPU
		{17627C70-B211-4450-BE97-0BF47661BE6A}.Release|Any CPU.ActiveCfg = Release|Any CPU
		{17627C70-B211-4450-BE97-0BF47661BE6A}.Release|Any CPU.Build.0 = Release|Any CPU
		{17627C70-B211-4450-BE97-0BF47661BE6A}.Release|Any CPU.Deploy.0 = Release|Any CPU
		{17627C70-B211-4450-BE97-0BF47661BE6A}.Release|iPhone.ActiveCfg = Release|Any CPU
		{17627C70-B211-4450-BE97-0BF47661BE6A}.Release|iPhone.Build.0 = Release|Any CPU
		{17627C70-B211-4450-BE97-0BF47661BE6A}.Release|iPhone.Deploy.0 = Release|Any CPU
		{17627C70-B211-4450-BE97-0BF47661BE6A}.Release|iPhoneSimulator.ActiveCfg = Release|Any CPU
		{17627C70-B211-4450-BE97-0BF47661BE6A}.Release|iPhoneSimulator.Build.0 = Release|Any CPU
		{17627C70-B211-4450-BE97-0BF47661BE6A}.Release|iPhoneSimulator.Deploy.0 = Release|Any CPU
	EndGlobalSection
	GlobalSection(SolutionProperties) = preSolution
		HideSolutionNode = FALSE
	EndGlobalSection
	GlobalSection(ExtensibilityGlobals) = postSolution
		SolutionGuid = {82E2A8CC-2251-49C3-A608-588745E5BF1E}
	EndGlobalSection
EndGlobal
